<?xml version="1.0" encoding="utf-8"?>
<Project ToolsVersion="4.0" xmlns="http://schemas.microsoft.com/developer/msbuild/2003">
  <ItemGroup>
    <Filter Include="Header Files">
      <UniqueIdentifier>{93995380-89BD-4b04-88EB-625FBE52EBFB}</UniqueIdentifier>
      <Extensions>h;hh;hpp;hxx;hm;inl;inc;xsd</Extensions>
    </Filter>
    <Filter Include="Resource Files">
      <UniqueIdentifier>{67DA6AB6-F800-4c08-8B7A-83BB121AAD01}</UniqueIdentifier>
      <Extensions>rc;ico;cur;bmp;dlg;rc2;rct;bin;rgs;gif;jpg;jpeg;jpe;resx;tiff;tif;png;wav;mfcribbon-ms</Extensions>
    </Filter>
    <Filter Include="Header Files\als">
      <UniqueIdentifier>{42c84b2c-5350-4680-9526-b95368be9bf7}</UniqueIdentifier>
    </Filter>
    <Filter Include="Source">
      <UniqueIdentifier>{c5900a89-9158-492c-8799-f2457821822c}</UniqueIdentifier>
    </Filter>
  </ItemGroup>
  <ItemGroup>
    <ClCompile Include="src\tag_expr.cpp">
      <Filter>Source</Filter>
    </ClCompile>
    <ClCompile Include="src\bingo_gen.cpp">
      <Filter>Source</Filter>
    </ClCompile>
  </ItemGroup>
  <ItemGroup>
    <ClInclude Include="src\als\als.h">
      <Filter>Header Files\als</Filter>
    </ClInclude>
    <ClInclude Include="src\als\common.h">
      <Filter>Header Files\als</Filter>
    </ClInclude>
    <ClInclude Include="src\als\common_alloc.h">
      <Filter>Header Files\als</Filter>
    </ClInclude>
    <ClInclude Include="src\als\common_array.h">
      <Filter>Header Files\als</Filter>
    </ClInclude>
    <ClInclude Include="src\als\common_hash.h">
      <Filter>Header Files\als</Filter>
    </ClInclude>
    <ClInclude Include="src\als\common_string.h">
      <Filter>Header Files\als</Filter>
    </ClInclude>
    <ClInclude Include="src\als\common_type.h">
      <Filter>Header Files\als</Filter>
    </ClInclude>
    <ClInclude Include="src\als\macro.h">
      <Filter>Header Files\als</Filter>
    </ClInclude>
    <ClInclude Include="src\als\macro_assert.h">
      <Filter>Header Files\als</Filter>
    </ClInclude>
    <ClInclude Include="src\als\macro_defer.h">
      <Filter>Header Files\als</Filter>
    </ClInclude>
    <ClInclude Include="src\als\macro_flags.h">
      <Filter>Header Files\als</Filter>
    </ClInclude>
    <ClInclude Include="src\als\macro_mem.h">
      <Filter>Header Files\als</Filter>
    </ClInclude>
    <ClInclude Include="src\als\macro_util.h">
      <Filter>Header Files\als</Filter>
    </ClInclude>
    <ClInclude Include="src\bingo_gen.h">
      <Filter>Header Files</Filter>
    </ClInclude>
    <ClInclude Include="src\common_parse.h">
      <Filter>Header Files\als</Filter>
    </ClInclude>
    <ClInclude Include="src\tag_expr.h">
      <Filter>Header Files</Filter>
    </ClInclude>
  </ItemGroup>
  <ItemGroup>
    <None Include="res\manifest.csv">
      <Filter>Resource Files</Filter>
    </None>
  </ItemGroup>
</Project>